hash: f62a68dd63964d27c522d1db00989d82c7df8216c30e258277771830c5ed2675
updated: 2017-12-09T13:43:31.429914997+01:00
imports:
- name: github.com/lib/pq
  version: 83612a56d3dd153a94a629cd64925371c9adad78
  subpackages:
  - oid
- name: github.com/mopsalarm/go-pr0gramm
  version: 0dae3f1067f7587baf6929bca6a0dbba2bc99700
- name: github.com/rcrowley/go-metrics
  version: 1f30fe9094a513ce4c700b9a54458bbb0c96996c
- name: github.com/robfig/cron
  version: b024fc5ea0e34bc3f83d9941c8d60b0622bfaca4
- name: github.com/Sirupsen/logrus
  version: f006c2ac4710855cf0f916dd6b77acf6b048dc6e
- name: github.com/sirupsen/logrus
  version: f006c2ac4710855cf0f916dd6b77acf6b048dc6e
- name: github.com/vistarmedia/go-datadog
  version: d05578420bfaf173df31fc00580f57b904df6222
- name: golang.org/x/crypto
  version: 9ba3862cf6a5452ae579de98f9364dd2e544844c
  subpackages:
  - ssh/terminal
- name: golang.org/x/sys
  version: 8f0908ab3b2457e2e15403d3697c9ef5cb4b57a9
  subpackages:
  - unix
  - windows
testImports: []
