hash: 2ab7468b5a8c50d24c5782b6e321af98bcbec12dbd8bcb274ac480aa98148827
updated: 2016-07-16T19:51:26.473653+02:00
imports:
- name: github.com/lib/pq
  version: ee1442bda7bd1b6a84e913bdb421cb1874ec629d
  subpackages:
  - oid
- name: github.com/mopsalarm/go-pr0gramm
  version: 851a52045e855c424a67afdfa59293f69634bb95
- name: github.com/rcrowley/go-metrics
  version: eeba7bd0dd01ace6e690fa833b3f22aaec29af43
- name: github.com/robfig/cron
  version: 6f2e8282a1a0d694e55a48ce7d077ee46747feeb
- name: github.com/Sirupsen/logrus
  version: f3cfb454f4c209e6668c95216c4744b8fddb2356
- name: github.com/vistarmedia/go-datadog
  version: d05578420bfaf173df31fc00580f57b904df6222
- name: golang.org/x/sys
  version: 7f918dd405547ecb864d14a8ecbbfe205b5f930f
  subpackages:
  - unix
testImports: []
